
Microsoft Visual Studio Solution File, Format Version 12.00
# Visual Studio Version 17
VisualStudioVersion = 17.14.36414.22 d17.14
MinimumVisualStudioVersion = 10.0.40219.1
Project("{FAE04EC0-301F-11D3-BF4B-00C04F79EFBC}") = "OOP IN C# - Multi-Level  Inheritance", "OOP IN C# - Multi-Level  Inheritance.csproj", "{FCA5EB24-11E1-44D7-8F11-398539F57009}"
EndProject
Global
	GlobalSection(SolutionConfigurationPlatforms) = preSolution
		Debug|Any CPU = Debug|Any CPU
		Release|Any CPU = Release|Any CPU
	EndGlobalSection
	GlobalSection(ProjectConfigurationPlatforms) = postSolution
		{FCA5EB24-11E1-44D7-8F11-398539F57009}.Debug|Any CPU.ActiveCfg = Debug|Any CPU
		{FCA5EB24-11E1-44D7-8F11-398539F57009}.Debug|Any CPU.Build.0 = Debug|Any CPU
		{FCA5EB24-11E1-44D7-8F11-398539F57009}.Release|Any CPU.ActiveCfg = Release|Any CPU
		{FCA5EB24-11E1-44D7-8F11-398539F57009}.Release|Any CPU.Build.0 = Release|Any CPU
	EndGlobalSection
	GlobalSection(SolutionProperties) = preSolution
		HideSolutionNode = FALSE
	EndGlobalSection
	GlobalSection(ExtensibilityGlobals) = postSolution
		SolutionGuid = {29076BA2-1B4A-473C-96FF-3BC74A641309}
	EndGlobalSection
EndGlobal
