
Microsoft Visual Studio Solution File, Format Version 12.00
# Visual Studio Version 17
VisualStudioVersion = 17.14.36414.22 d17.14
MinimumVisualStudioVersion = 10.0.40219.1
Project("{FAE04EC0-301F-11D3-BF4B-00C04F79EFBC}") = "OOP IN C# - Nested Class", "OOP IN C# - Nested Class.csproj", "{39C2F72C-F54D-4A7D-B9A3-80A058404E3A}"
EndProject
Global
	GlobalSection(SolutionConfigurationPlatforms) = preSolution
		Debug|Any CPU = Debug|Any CPU
		Release|Any CPU = Release|Any CPU
	EndGlobalSection
	GlobalSection(ProjectConfigurationPlatforms) = postSolution
		{39C2F72C-F54D-4A7D-B9A3-80A058404E3A}.Debug|Any CPU.ActiveCfg = Debug|Any CPU
		{39C2F72C-F54D-4A7D-B9A3-80A058404E3A}.Debug|Any CPU.Build.0 = Debug|Any CPU
		{39C2F72C-F54D-4A7D-B9A3-80A058404E3A}.Release|Any CPU.ActiveCfg = Release|Any CPU
		{39C2F72C-F54D-4A7D-B9A3-80A058404E3A}.Release|Any CPU.Build.0 = Release|Any CPU
	EndGlobalSection
	GlobalSection(SolutionProperties) = preSolution
		HideSolutionNode = FALSE
	EndGlobalSection
	GlobalSection(ExtensibilityGlobals) = postSolution
		SolutionGuid = {B152EC77-987F-417A-BC96-1D96FB1017F6}
	EndGlobalSection
EndGlobal
