
Microsoft Visual Studio Solution File, Format Version 12.00
# Visual Studio Version 17
VisualStudioVersion = 17.14.36414.22 d17.14
MinimumVisualStudioVersion = 10.0.40219.1
Project("{FAE04EC0-301F-11D3-BF4B-00C04F79EFBC}") = "OOP IN C# - Composition", "OOP IN C# - Composition.csproj", "{504EFD50-196A-4BC0-9499-074543AFF139}"
EndProject
Global
	GlobalSection(SolutionConfigurationPlatforms) = preSolution
		Debug|Any CPU = Debug|Any CPU
		Release|Any CPU = Release|Any CPU
	EndGlobalSection
	GlobalSection(ProjectConfigurationPlatforms) = postSolution
		{504EFD50-196A-4BC0-9499-074543AFF139}.Debug|Any CPU.ActiveCfg = Debug|Any CPU
		{504EFD50-196A-4BC0-9499-074543AFF139}.Debug|Any CPU.Build.0 = Debug|Any CPU
		{504EFD50-196A-4BC0-9499-074543AFF139}.Release|Any CPU.ActiveCfg = Release|Any CPU
		{504EFD50-196A-4BC0-9499-074543AFF139}.Release|Any CPU.Build.0 = Release|Any CPU
	EndGlobalSection
	GlobalSection(SolutionProperties) = preSolution
		HideSolutionNode = FALSE
	EndGlobalSection
	GlobalSection(ExtensibilityGlobals) = postSolution
		SolutionGuid = {2A8F795D-5CC5-4280-8087-A13F78EA1B5A}
	EndGlobalSection
EndGlobal
