
Microsoft Visual Studio Solution File, Format Version 12.00
# Visual Studio Version 17
VisualStudioVersion = 17.14.36414.22 d17.14
MinimumVisualStudioVersion = 10.0.40219.1
Project("{FAE04EC0-301F-11D3-BF4B-00C04F79EFBC}") = "OOP IN C# - Parameter-Less Constructor", "OOP IN C# - Parameter-Less Constructor.csproj", "{763C22DC-FC4C-4B43-AA80-F36C79981AC8}"
EndProject
Global
	GlobalSection(SolutionConfigurationPlatforms) = preSolution
		Debug|Any CPU = Debug|Any CPU
		Release|Any CPU = Release|Any CPU
	EndGlobalSection
	GlobalSection(ProjectConfigurationPlatforms) = postSolution
		{763C22DC-FC4C-4B43-AA80-F36C79981AC8}.Debug|Any CPU.ActiveCfg = Debug|Any CPU
		{763C22DC-FC4C-4B43-AA80-F36C79981AC8}.Debug|Any CPU.Build.0 = Debug|Any CPU
		{763C22DC-FC4C-4B43-AA80-F36C79981AC8}.Release|Any CPU.ActiveCfg = Release|Any CPU
		{763C22DC-FC4C-4B43-AA80-F36C79981AC8}.Release|Any CPU.Build.0 = Release|Any CPU
	EndGlobalSection
	GlobalSection(SolutionProperties) = preSolution
		HideSolutionNode = FALSE
	EndGlobalSection
	GlobalSection(ExtensibilityGlobals) = postSolution
		SolutionGuid = {FC9EA10E-92BA-4E9D-B884-D479CD80C48B}
	EndGlobalSection
EndGlobal
