
Microsoft Visual Studio Solution File, Format Version 12.00
# Visual Studio Version 17
VisualStudioVersion = 17.14.36414.22 d17.14
MinimumVisualStudioVersion = 10.0.40219.1
Project("{FAE04EC0-301F-11D3-BF4B-00C04F79EFBC}") = "OOP IN C# - Partial Methods", "OOP IN C# - Partial Methods.csproj", "{53235522-C17E-4546-8677-B23F1C7B308B}"
EndProject
Global
	GlobalSection(SolutionConfigurationPlatforms) = preSolution
		Debug|Any CPU = Debug|Any CPU
		Release|Any CPU = Release|Any CPU
	EndGlobalSection
	GlobalSection(ProjectConfigurationPlatforms) = postSolution
		{53235522-C17E-4546-8677-B23F1C7B308B}.Debug|Any CPU.ActiveCfg = Debug|Any CPU
		{53235522-C17E-4546-8677-B23F1C7B308B}.Debug|Any CPU.Build.0 = Debug|Any CPU
		{53235522-C17E-4546-8677-B23F1C7B308B}.Release|Any CPU.ActiveCfg = Release|Any CPU
		{53235522-C17E-4546-8677-B23F1C7B308B}.Release|Any CPU.Build.0 = Release|Any CPU
	EndGlobalSection
	GlobalSection(SolutionProperties) = preSolution
		HideSolutionNode = FALSE
	EndGlobalSection
	GlobalSection(ExtensibilityGlobals) = postSolution
		SolutionGuid = {5DA05454-9CE8-4F66-96DF-AB3E586B4D7A}
	EndGlobalSection
EndGlobal
