
Microsoft Visual Studio Solution File, Format Version 12.00
# Visual Studio Version 17
VisualStudioVersion = 17.14.36414.22 d17.14
MinimumVisualStudioVersion = 10.0.40219.1
Project("{FAE04EC0-301F-11D3-BF4B-00C04F79EFBC}") = "OOP IN C# - Method Overriding in C# Inheritance", "OOP IN C# - Method Overriding in C# Inheritance.csproj", "{973FE96D-D349-4389-BE84-7CF1C0F9DCD5}"
EndProject
Global
	GlobalSection(SolutionConfigurationPlatforms) = preSolution
		Debug|Any CPU = Debug|Any CPU
		Release|Any CPU = Release|Any CPU
	EndGlobalSection
	GlobalSection(ProjectConfigurationPlatforms) = postSolution
		{973FE96D-D349-4389-BE84-7CF1C0F9DCD5}.Debug|Any CPU.ActiveCfg = Debug|Any CPU
		{973FE96D-D349-4389-BE84-7CF1C0F9DCD5}.Debug|Any CPU.Build.0 = Debug|Any CPU
		{973FE96D-D349-4389-BE84-7CF1C0F9DCD5}.Release|Any CPU.ActiveCfg = Release|Any CPU
		{973FE96D-D349-4389-BE84-7CF1C0F9DCD5}.Release|Any CPU.Build.0 = Release|Any CPU
	EndGlobalSection
	GlobalSection(SolutionProperties) = preSolution
		HideSolutionNode = FALSE
	EndGlobalSection
	GlobalSection(ExtensibilityGlobals) = postSolution
		SolutionGuid = {783118B9-96CB-4CE5-B26A-1F2E34F1E191}
	EndGlobalSection
EndGlobal
